{
  "version": 4,
  "terraform_version": "1.12.2",
  "serial": 1567,
  "lineage": "de14b5f1-9a47-bc26-7862-575179bbf3a6",
  "outputs": {},
  "resources": [
    {
      "module": "module.region_cloud",
      "mode": "managed",
      "type": "snowflake_execute",
      "name": "region_cloud",
      "provider": "provider[\"registry.terraform.io/snowflakedb/snowflake\"]",
      "instances": [
        {
          "schema_version": 0,
          "attributes": {
            "execute": "SELECT 1",
            "id": "548c7b19-ac67-0a84-b5fb-86a63c739073",
            "query": "SELECT DISTINCT\r\n  REGION AS REGION,\r\n  CLOUD  AS CLOUD\r\nFROM \"DEV\".\"EDC_INTERNAL\".\"ACCOUNT_ORGANISATION_ACCESS\"\r\nWHERE 1=1\r\n  AND REGION IS NOT NULL\r\n  AND CLOUD  IS NOT NULL\r\nORDER BY 1,2\r\n",
            "query_results": [
              {
                "CLOUD": "AWS",
                "REGION": "apac"
              },
              {
                "CLOUD": "AZURE",
                "REGION": "eastus"
              },
              {
                "CLOUD": "AWS",
                "REGION": "eu-west-1"
              },
              {
                "CLOUD": "GCP",
                "REGION": "us-central1"
              },
              {
                "CLOUD": "AZURE",
                "REGION": "westeurope"
              }
            ],
            "revert": "SELECT 1",
            "timeouts": null
          },
          "sensitive_attributes": [],
          "identity_schema_version": 0,
          "private": "eyJlMmJmYjczMC1lY2FhLTExZTYtOGY4OC0zNDM2M2JjN2M0YzAiOnsiY3JlYXRlIjozNjAwMDAwMDAwMDAwLCJkZWxldGUiOjM2MDAwMDAwMDAwMDAsInJlYWQiOjM2MDAwMDAwMDAwMDAsInVwZGF0ZSI6MzYwMDAwMDAwMDAwMH19"
        }
      ]
    }
  ],
  "check_results": null
}
